{
	"name": "iobroker.ems",
	"version": "0.1.68",
	"lockfileVersion": 3,
	"requires": true,
	"packages": {
		"": {
			"name": "iobroker.ems",
			"version": "0.1.68",
			"license": "MIT",
			"dependencies": {
				"@iobroker/adapter-core": "^3.3.2"
			},
			"devDependencies": {
				"@types/node": "^18.19.0",
				"typescript": "~5.4.5"
			},
			"engines": {
				"node": ">=18"
			}
		},
		"node_modules/@iobroker/adapter-core": {
			"version": "3.3.2",
			"resolved": "https://registry.npmjs.org/@iobroker/adapter-core/-/adapter-core-3.3.2.tgz",
			"integrity": "sha512-knuCX6F1JUTnY1OdHzDhwNtOoe9/RZgBziDKSzCO3E4koteY/KRqZ7gtzmoavcAokejG68S5osbEnIb4MYT3VA==",
			"engines": {
				"node": ">=16"
			},
			"peerDependencies": {
				"@iobroker/types": ">=6.0.11"
			}
		},
		"node_modules/@iobroker/types": {
			"version": "7.1.2",
			"resolved": "https://registry.npmjs.org/@iobroker/types/-/types-7.1.2.tgz",
			"integrity": "sha512-6ci2ow3cHoIDIQEQh48lCG08MzgUdH8SGL5ks3kl2UBA2yAfSn5lEWs3BPoGiJS9wYTsBfKMas2fUHmTU1/A4g==",
			"peer": true,
			"engines": {
				"node": ">=12.0.0"
			}
		},
		"node_modules/@types/node": {
			"version": "18.19.130",
			"resolved": "https://registry.npmjs.org/@types/node/-/node-18.19.130.tgz",
			"integrity": "sha512-GRaXQx6jGfL8sKfaIDD6OupbIHBr9jv7Jnaml9tB7l4v068PAOXqfcujMMo5PhbIs6ggR1XODELqahT2R8v0fg==",
			"dev": true,
			"dependencies": {
				"undici-types": "~5.26.4"
			}
		},
		"node_modules/typescript": {
			"version": "5.4.5",
			"resolved": "https://registry.npmjs.org/typescript/-/typescript-5.4.5.tgz",
			"integrity": "sha512-vcI4UpRgg81oIRUFwR0WSIHKt11nJ7SAVlYNIu+QpqeyXP+gpQJy/Z4+F0aGxSE4MqwjyXvW/TzgkLAx2AGHwQ==",
			"dev": true,
			"bin": {
				"tsc": "bin/tsc",
				"tsserver": "bin/tsserver"
			},
			"engines": {
				"node": ">=14.17"
			}
		},
		"node_modules/undici-types": {
			"version": "5.26.5",
			"resolved": "https://registry.npmjs.org/undici-types/-/undici-types-5.26.5.tgz",
			"integrity": "sha512-JlCMO+ehdEIKqlFxk6IfVoAUVmgz7cU7zD/h9XZ0qzeosSHmUJVOzSQvvYSYWXkFXC+IfLKSIffhv0sVZup6pA==",
			"dev": true
		}
	}
}
